// !$*UTF8*$!
{
	archiveVersion = 1;
	classes = {
	};
	objectVersion = 77;
	objects = {

/* Begin PBXContainerItemProxy section */
		C536157E2D5BD98F00241BBF /* PBXContainerItemProxy */ = {
			isa = PBXContainerItemProxy;
			containerPortal = C53615642D5BD98E00241BBF /* Project object */;
			proxyType = 1;
			remoteGlobalIDString = C536156B2D5BD98E00241BBF;
			remoteInfo = "s25-bootcamp-spotify";
		};
		C53615882D5BD98F00241BBF /* PBXContainerItemProxy */ = {
			isa = PBXContainerItemProxy;
			containerPortal = C53615642D5BD98E00241BBF /* Project object */;
			proxyType = 1;
			remoteGlobalIDString = C536156B2D5BD98E00241BBF;
			remoteInfo = "s25-bootcamp-spotify";
		};
/* End PBXContainerItemProxy section */

/* Begin PBXFileReference section */
		C536156C2D5BD98E00241BBF /* s25-bootcamp-spotify.app */ = {isa = PBXFileReference; explicitFileType = wrapper.application; includeInIndex = 0; path = "s25-bootcamp-spotify.app"; sourceTree = BUILT_PRODUCTS_DIR; };
		C536157D2D5BD98F00241BBF /* s25-bootcamp-spotifyTests.xctest */ = {isa = PBXFileReference; explicitFileType = wrapper.cfbundle; includeInIndex = 0; path = "s25-bootcamp-spotifyTests.xctest"; sourceTree = BUILT_PRODUCTS_DIR; };
		C53615872D5BD98F00241BBF /* s25-bootcamp-spotifyUITests.xctest */ = {isa = PBXFileReference; explicitFileType = wrapper.cfbundle; includeInIndex = 0; path = "s25-bootcamp-spotifyUITests.xctest"; sourceTree = BUILT_PRODUCTS_DIR; };
/* End PBXFileReference section */

/* Begin PBXFileSystemSynchronizedRootGroup section */
		C536156E2D5BD98E00241BBF /* s25-bootcamp-spotify */ = {
			isa = PBXFileSystemSynchronizedRootGroup;
			path = "s25-bootcamp-spotify";
			sourceTree = "<group>";
		};
		C53615802D5BD98F00241BBF /* s25-bootcamp-spotifyTests */ = {
			isa = PBXFileSystemSynchronizedRootGroup;
			path = "s25-bootcamp-spotifyTests";
			sourceTree = "<group>";
		};
		C536158A2D5BD98F00241BBF /* s25-bootcamp-spotifyUITests */ = {
			isa = PBXFileSystemSynchronizedRootGroup;
			path = "s25-bootcamp-spotifyUITests";
			sourceTree = "<group>";
		};
/* End PBXFileSystemSynchronizedRootGroup section */

/* Begin PBXFrameworksBuildPhase section */
		C53615692D5BD98E00241BBF /* Frameworks */ = {
			isa = PBXFrameworksBuildPhase;
			buildActionMask = 2147483647;
			files = (
			);
			runOnlyForDeploymentPostprocessing = 0;
		};
		C536157A2D5BD98F00241BBF /* Frameworks */ = {
			isa = PBXFrameworksBuildPhase;
			buildActionMask = 2147483647;
			files = (
			);
			runOnlyForDeploymentPostprocessing = 0;
		};
		C53615842D5BD98F00241BBF /* Frameworks */ = {
			isa = PBXFrameworksBuildPhase;
			buildActionMask = 2147483647;
			files = (
			);
			runOnlyForDeploymentPostprocessing = 0;
		};
/* End PBXFrameworksBuildPhase section */

/* Begin PBXGroup section */
		C53615632D5BD98E00241BBF = {
			isa = PBXGroup;
			children = (
				C536156E2D5BD98E00241BBF /* s25-bootcamp-spotify */,
				C53615802D5BD98F00241BBF /* s25-bootcamp-spotifyTests */,
				C536158A2D5BD98F00241BBF /* s25-bootcamp-spotifyUITests */,
				C536156D2D5BD98E00241BBF /* Products */,
			);
			sourceTree = "<group>";
		};
		C536156D2D5BD98E00241BBF /* Products */ = {
			isa = PBXGroup;
			children = (
				C536156C2D5BD98E00241BBF /* s25-bootcamp-spotify.app */,
				C536157D2D5BD98F00241BBF /* s25-bootcamp-spotifyTests.xctest */,
				C53615872D5BD98F00241BBF /* s25-bootcamp-spotifyUITests.xctest */,
			);
			name = Products;
			sourceTree = "<group>";
		};
/* End PBXGroup section */

/* Begin PBXNativeTarget section */
		C536156B2D5BD98E00241BBF /* s25-bootcamp-spotify */ = {
			isa = PBXNativeTarget;
			buildConfigurationList = C53615912D5BD98F00241BBF /* Build configuration list for PBXNativeTarget "s25-bootcamp-spotify" */;
			buildPhases = (
				C53615682D5BD98E00241BBF /* Sources */,
				C53615692D5BD98E00241BBF /* Frameworks */,
				C536156A2D5BD98E00241BBF /* Resources */,
			);
			buildRules = (
			);
			dependencies = (
			);
			fileSystemSynchronizedGroups = (
				C536156E2D5BD98E00241BBF /* s25-bootcamp-spotify */,
			);
			name = "s25-bootcamp-spotify";
			packageProductDependencies = (
			);
			productName = "s25-bootcamp-spotify";
			productReference = C536156C2D5BD98E00241BBF /* s25-bootcamp-spotify.app */;
			productType = "com.apple.product-type.application";
		};
		C536157C2D5BD98F00241BBF /* s25-bootcamp-spotifyTests */ = {
			isa = PBXNativeTarget;
			buildConfigurationList = C53615942D5BD98F00241BBF /* Build configuration list for PBXNativeTarget "s25-bootcamp-spotifyTests" */;
			buildPhases = (
				C53615792D5BD98F00241BBF /* Sources */,
				C536157A2D5BD98F00241BBF /* Frameworks */,
				C536157B2D5BD98F00241BBF /* Resources */,
			);
			buildRules = (
			);
			dependencies = (
				C536157F2D5BD98F00241BBF /* PBXTargetDependency */,
			);
			fileSystemSynchronizedGroups = (
				C53615802D5BD98F00241BBF /* s25-bootcamp-spotifyTests */,
			);
			name = "s25-bootcamp-spotifyTests";
			packageProductDependencies = (
			);
			productName = "s25-bootcamp-spotifyTests";
			productReference = C536157D2D5BD98F00241BBF /* s25-bootcamp-spotifyTests.xctest */;
			productType = "com.apple.product-type.bundle.unit-test";
		};
		C53615862D5BD98F00241BBF /* s25-bootcamp-spotifyUITests */ = {
			isa = PBXNativeTarget;
			buildConfigurationList = C53615972D5BD98F00241BBF /* Build configuration list for PBXNativeTarget "s25-bootcamp-spotifyUITests" */;
			buildPhases = (
				C53615832D5BD98F00241BBF /* Sources */,
				C53615842D5BD98F00241BBF /* Frameworks */,
				C53615852D5BD98F00241BBF /* Resources */,
			);
			buildRules = (
			);
			dependencies = (
				C53615892D5BD98F00241BBF /* PBXTargetDependency */,
			);
			fileSystemSynchronizedGroups = (
				C536158A2D5BD98F00241BBF /* s25-bootcamp-spotifyUITests */,
			);
			name = "s25-bootcamp-spotifyUITests";
			packageProductDependencies = (
			);
			productName = "s25-bootcamp-spotifyUITests";
			productReference = C53615872D5BD98F00241BBF /* s25-bootcamp-spotifyUITests.xctest */;
			productType = "com.apple.product-type.bundle.ui-testing";
		};
/* End PBXNativeTarget section */

/* Begin PBXProject section */
		C53615642D5BD98E00241BBF /* Project object */ = {
			isa = PBXProject;
			attributes = {
				BuildIndependentTargetsInParallel = 1;
				LastSwiftUpdateCheck = 1620;
				LastUpgradeCheck = 1620;
				TargetAttributes = {
					C536156B2D5BD98E00241BBF = {
						CreatedOnToolsVersion = 16.2;
					};
					C536157C2D5BD98F00241BBF = {
						CreatedOnToolsVersion = 16.2;
						TestTargetID = C536156B2D5BD98E00241BBF;
					};
					C53615862D5BD98F00241BBF = {
						CreatedOnToolsVersion = 16.2;
						TestTargetID = C536156B2D5BD98E00241BBF;
					};
				};
			};
			buildConfigurationList = C53615672D5BD98E00241BBF /* Build configuration list for PBXProject "s25-bootcamp-spotify" */;
			developmentRegion = en;
			hasScannedForEncodings = 0;
			knownRegions = (
				en,
				Base,
			);
			mainGroup = C53615632D5BD98E00241BBF;
			minimizedProjectReferenceProxies = 1;
			preferredProjectObjectVersion = 77;
			productRefGroup = C536156D2D5BD98E00241BBF /* Products */;
			projectDirPath = "";
			projectRoot = "";
			targets = (
				C536156B2D5BD98E00241BBF /* s25-bootcamp-spotify */,
				C536157C2D5BD98F00241BBF /* s25-bootcamp-spotifyTests */,
				C53615862D5BD98F00241BBF /* s25-bootcamp-spotifyUITests */,
			);
		};
/* End PBXProject section */

/* Begin PBXResourcesBuildPhase section */
		C536156A2D5BD98E00241BBF /* Resources */ = {
			isa = PBXResourcesBuildPhase;
			buildActionMask = 2147483647;
			files = (
			);
			runOnlyForDeploymentPostprocessing = 0;
		};
		C536157B2D5BD98F00241BBF /* Resources */ = {
			isa = PBXResourcesBuildPhase;
			buildActionMask = 2147483647;
			files = (
			);
			runOnlyForDeploymentPostprocessing = 0;
		};
		C53615852D5BD98F00241BBF /* Resources */ = {
			isa = PBXResourcesBuildPhase;
			buildActionMask = 2147483647;
			files = (
			);
			runOnlyForDeploymentPostprocessing = 0;
		};
/* End PBXResourcesBuildPhase section */

/* Begin PBXSourcesBuildPhase section */
		C53615682D5BD98E00241BBF /* Sources */ = {
			isa = PBXSourcesBuildPhase;
			buildActionMask = 2147483647;
			files = (
			);
			runOnlyForDeploymentPostprocessing = 0;
		};
		C53615792D5BD98F00241BBF /* Sources */ = {
			isa = PBXSourcesBuildPhase;
			buildActionMask = 2147483647;
			files = (
			);
			runOnlyForDeploymentPostprocessing = 0;
		};
		C53615832D5BD98F00241BBF /* Sources */ = {
			isa = PBXSourcesBuildPhase;
			buildActionMask = 2147483647;
			files = (
			);
			runOnlyForDeploymentPostprocessing = 0;
		};
/* End PBXSourcesBuildPhase section */

/* Begin PBXTargetDependency section */
		C536157F2D5BD98F00241BBF /* PBXTargetDependency */ = {
			isa = PBXTargetDependency;
			target = C536156B2D5BD98E00241BBF /* s25-bootcamp-spotify */;
			targetProxy = C536157E2D5BD98F00241BBF /* PBXContainerItemProxy */;
		};
		C53615892D5BD98F00241BBF /* PBXTargetDependency */ = {
			isa = PBXTargetDependency;
			target = C536156B2D5BD98E00241BBF /* s25-bootcamp-spotify */;
			targetProxy = C53615882D5BD98F00241BBF /* PBXContainerItemProxy */;
		};
/* End PBXTargetDependency section */

/* Begin XCBuildConfiguration section */
		C536158F2D5BD98F00241BBF /* Debug */ = {
			isa = XCBuildConfiguration;
			buildSettings = {
				ALWAYS_SEARCH_USER_PATHS = NO;
				ASSETCATALOG_COMPILER_GENERATE_SWIFT_ASSET_SYMBOL_EXTENSIONS = YES;
				CLANG_ANALYZER_NONNULL = YES;
				CLANG_ANALYZER_NUMBER_OBJECT_CONVERSION = YES_AGGRESSIVE;
				CLANG_CXX_LANGUAGE_STANDARD = "gnu++20";
				CLANG_ENABLE_MODULES = YES;
				CLANG_ENABLE_OBJC_ARC = YES;
				CLANG_ENABLE_OBJC_WEAK = YES;
				CLANG_WARN_BLOCK_CAPTURE_AUTORELEASING = YES;
				CLANG_WARN_BOOL_CONVERSION = YES;
				CLANG_WARN_COMMA = YES;
				CLANG_WARN_CONSTANT_CONVERSION = YES;
				CLANG_WARN_DEPRECATED_OBJC_IMPLEMENTATIONS = YES;
				CLANG_WARN_DIRECT_OBJC_ISA_USAGE = YES_ERROR;
				CLANG_WARN_DOCUMENTATION_COMMENTS = YES;
				CLANG_WARN_EMPTY_BODY = YES;
				CLANG_WARN_ENUM_CONVERSION = YES;
				CLANG_WARN_INFINITE_RECURSION = YES;
				CLANG_WARN_INT_CONVERSION = YES;
				CLANG_WARN_NON_LITERAL_NULL_CONVERSION = YES;
				CLANG_WARN_OBJC_IMPLICIT_RETAIN_SELF = YES;
				CLANG_WARN_OBJC_LITERAL_CONVERSION = YES;
				CLANG_WARN_OBJC_ROOT_CLASS = YES_ERROR;
				CLANG_WARN_QUOTED_INCLUDE_IN_FRAMEWORK_HEADER = YES;
				CLANG_WARN_RANGE_LOOP_ANALYSIS = YES;
				CLANG_WARN_STRICT_PROTOTYPES = YES;
				CLANG_WARN_SUSPICIOUS_MOVE = YES;
				CLANG_WARN_UNGUARDED_AVAILABILITY = YES_AGGRESSIVE;
				CLANG_WARN_UNREACHABLE_CODE = YES;
				CLANG_WARN__DUPLICATE_METHOD_MATCH = YES;
				COPY_PHASE_STRIP = NO;
				DEBUG_INFORMATION_FORMAT = dwarf;
				ENABLE_STRICT_OBJC_MSGSEND = YES;
				ENABLE_TESTABILITY = YES;
				ENABLE_USER_SCRIPT_SANDBOXING = YES;
				GCC_C_LANGUAGE_STANDARD = gnu17;
				GCC_DYNAMIC_NO_PIC = NO;
				GCC_NO_COMMON_BLOCKS = YES;
				GCC_OPTIMIZATION_LEVEL = 0;
				GCC_PREPROCESSOR_DEFINITIONS = (
					"DEBUG=1",
					"$(inherited)",
				);
				GCC_WARN_64_TO_32_BIT_CONVERSION = YES;
				GCC_WARN_ABOUT_RETURN_TYPE = YES_ERROR;
				GCC_WARN_UNDECLARED_SELECTOR = YES;
				GCC_WARN_UNINITIALIZED_AUTOS = YES_AGGRESSIVE;
				GCC_WARN_UNUSED_FUNCTION = YES;
				GCC_WARN_UNUSED_VARIABLE = YES;
				LOCALIZATION_PREFERS_STRING_CATALOGS = YES;
				MTL_ENABLE_DEBUG_INFO = INCLUDE_SOURCE;
				MTL_FAST_MATH = YES;
				ONLY_ACTIVE_ARCH = YES;
				SWIFT_ACTIVE_COMPILATION_CONDITIONS = "DEBUG $(inherited)";
				SWIFT_OPTIMIZATION_LEVEL = "-Onone";
			};
			name = Debug;
		};
		C53615902D5BD98F00241BBF /* Release */ = {
			isa = XCBuildConfiguration;
			buildSettings = {
				ALWAYS_SEARCH_USER_PATHS = NO;
				ASSETCATALOG_COMPILER_GENERATE_SWIFT_ASSET_SYMBOL_EXTENSIONS = YES;
				CLANG_ANALYZER_NONNULL = YES;
				CLANG_ANALYZER_NUMBER_OBJECT_CONVERSION = YES_AGGRESSIVE;
				CLANG_CXX_LANGUAGE_STANDARD = "gnu++20";
				CLANG_ENABLE_MODULES = YES;
				CLANG_ENABLE_OBJC_ARC = YES;
				CLANG_ENABLE_OBJC_WEAK = YES;
				CLANG_WARN_BLOCK_CAPTURE_AUTORELEASING = YES;
				CLANG_WARN_BOOL_CONVERSION = YES;
				CLANG_WARN_COMMA = YES;
				CLANG_WARN_CONSTANT_CONVERSION = YES;
				CLANG_WARN_DEPRECATED_OBJC_IMPLEMENTATIONS = YES;
				CLANG_WARN_DIRECT_OBJC_ISA_USAGE = YES_ERROR;
				CLANG_WARN_DOCUMENTATION_COMMENTS = YES;
				CLANG_WARN_EMPTY_BODY = YES;
				CLANG_WARN_ENUM_CONVERSION = YES;
				CLANG_WARN_INFINITE_RECURSION = YES;
				CLANG_WARN_INT_CONVERSION = YES;
				CLANG_WARN_NON_LITERAL_NULL_CONVERSION = YES;
				CLANG_WARN_OBJC_IMPLICIT_RETAIN_SELF = YES;
				CLANG_WARN_OBJC_LITERAL_CONVERSION = YES;
				CLANG_WARN_OBJC_ROOT_CLASS = YES_ERROR;
				CLANG_WARN_QUOTED_INCLUDE_IN_FRAMEWORK_HEADER = YES;
				CLANG_WARN_RANGE_LOOP_ANALYSIS = YES;
				CLANG_WARN_STRICT_PROTOTYPES = YES;
				CLANG_WARN_SUSPICIOUS_MOVE = YES;
				CLANG_WARN_UNGUARDED_AVAILABILITY = YES_AGGRESSIVE;
				CLANG_WARN_UNREACHABLE_CODE = YES;
				CLANG_WARN__DUPLICATE_METHOD_MATCH = YES;
				COPY_PHASE_STRIP = NO;
				DEBUG_INFORMATION_FORMAT = "dwarf-with-dsym";
				ENABLE_NS_ASSERTIONS = NO;
				ENABLE_STRICT_OBJC_MSGSEND = YES;
				ENABLE_USER_SCRIPT_SANDBOXING = YES;
				GCC_C_LANGUAGE_STANDARD = gnu17;
				GCC_NO_COMMON_BLOCKS = YES;
				GCC_WARN_64_TO_32_BIT_CONVERSION = YES;
				GCC_WARN_ABOUT_RETURN_TYPE = YES_ERROR;
				GCC_WARN_UNDECLARED_SELECTOR = YES;
				GCC_WARN_UNINITIALIZED_AUTOS = YES_AGGRESSIVE;
				GCC_WARN_UNUSED_FUNCTION = YES;
				GCC_WARN_UNUSED_VARIABLE = YES;
				LOCALIZATION_PREFERS_STRING_CATALOGS = YES;
				MTL_ENABLE_DEBUG_INFO = NO;
				MTL_FAST_MATH = YES;
				SWIFT_COMPILATION_MODE = wholemodule;
			};
			name = Release;
		};
		C53615922D5BD98F00241BBF /* Debug */ = {
			isa = XCBuildConfiguration;
			buildSettings = {
				ASSETCATALOG_COMPILER_APPICON_NAME = AppIcon;
				ASSETCATALOG_COMPILER_GLOBAL_ACCENT_COLOR_NAME = AccentColor;
				CODE_SIGN_ENTITLEMENTS = "s25-bootcamp-spotify/s25_bootcamp_spotify.entitlements";
				CODE_SIGN_STYLE = Automatic;
				CURRENT_PROJECT_VERSION = 1;
				DEVELOPMENT_ASSET_PATHS = "\"s25-bootcamp-spotify/Preview Content\"";
				DEVELOPMENT_TEAM = S69SNKVD78;
				ENABLE_HARDENED_RUNTIME = YES;
				ENABLE_PREVIEWS = YES;
				GENERATE_INFOPLIST_FILE = YES;
				"INFOPLIST_KEY_UIApplicationSceneManifest_Generation[sdk=iphoneos*]" = YES;
				"INFOPLIST_KEY_UIApplicationSceneManifest_Generation[sdk=iphonesimulator*]" = YES;
				"INFOPLIST_KEY_UIApplicationSupportsIndirectInputEvents[sdk=iphoneos*]" = YES;
				"INFOPLIST_KEY_UIApplicationSupportsIndirectInputEvents[sdk=iphonesimulator*]" = YES;
				"INFOPLIST_KEY_UILaunchScreen_Generation[sdk=iphoneos*]" = YES;
				"INFOPLIST_KEY_UILaunchScreen_Generation[sdk=iphonesimulator*]" = YES;
				"INFOPLIST_KEY_UIStatusBarStyle[sdk=iphoneos*]" = UIStatusBarStyleDefault;
				"INFOPLIST_KEY_UIStatusBarStyle[sdk=iphonesimulator*]" = UIStatusBarStyleDefault;
				INFOPLIST_KEY_UISupportedInterfaceOrientations_iPad = "UIInterfaceOrientationPortrait UIInterfaceOrientationPortraitUpsideDown UIInterfaceOrientationLandscapeLeft UIInterfaceOrientationLandscapeRight";
				INFOPLIST_KEY_UISupportedInterfaceOrientations_iPhone = "UIInterfaceOrientationPortrait UIInterfaceOrientationLandscapeLeft UIInterfaceOrientationLandscapeRight";
				IPHONEOS_DEPLOYMENT_TARGET = 18.2;
				LD_RUNPATH_SEARCH_PATHS = "@executable_path/Frameworks";
				"LD_RUNPATH_SEARCH_PATHS[sdk=macosx*]" = "@executable_path/../Frameworks";
				MACOSX_DEPLOYMENT_TARGET = 15.2;
				MARKETING_VERSION = 1.0;
				PRODUCT_BUNDLE_IDENTIFIER = "name.ethantran.s25-bootcamp-spotify";
				PRODUCT_NAME = "$(TARGET_NAME)";
				SDKROOT = auto;
				SUPPORTED_PLATFORMS = "iphoneos iphonesimulator macosx xros xrsimulator";
				SWIFT_EMIT_LOC_STRINGS = YES;
				SWIFT_VERSION = 5.0;
				TARGETED_DEVICE_FAMILY = "1,2,7";
				XROS_DEPLOYMENT_TARGET = 2.2;
			};
			name = Debug;
		};
		C53615932D5BD98F00241BBF /* Release */ = {
			isa = XCBuildConfiguration;
			buildSettings = {
				ASSETCATALOG_COMPILER_APPICON_NAME = AppIcon;
				ASSETCATALOG_COMPILER_GLOBAL_ACCENT_COLOR_NAME = AccentColor;
				CODE_SIGN_ENTITLEMENTS = "s25-bootcamp-spotify/s25_bootcamp_spotify.entitlements";
				CODE_SIGN_STYLE = Automatic;
				CURRENT_PROJECT_VERSION = 1;
				DEVELOPMENT_ASSET_PATHS = "\"s25-bootcamp-spotify/Preview Content\"";
				DEVELOPMENT_TEAM = S69SNKVD78;
				ENABLE_HARDENED_RUNTIME = YES;
				ENABLE_PREVIEWS = YES;
				GENERATE_INFOPLIST_FILE = YES;
				"INFOPLIST_KEY_UIApplicationSceneManifest_Generation[sdk=iphoneos*]" = YES;
				"INFOPLIST_KEY_UIApplicationSceneManifest_Generation[sdk=iphonesimulator*]" = YES;
				"INFOPLIST_KEY_UIApplicationSupportsIndirectInputEvents[sdk=iphoneos*]" = YES;
				"INFOPLIST_KEY_UIApplicationSupportsIndirectInputEvents[sdk=iphonesimulator*]" = YES;
				"INFOPLIST_KEY_UILaunchScreen_Generation[sdk=iphoneos*]" = YES;
				"INFOPLIST_KEY_UILaunchScreen_Generation[sdk=iphonesimulator*]" = YES;
				"INFOPLIST_KEY_UIStatusBarStyle[sdk=iphoneos*]" = UIStatusBarStyleDefault;
				"INFOPLIST_KEY_UIStatusBarStyle[sdk=iphonesimulator*]" = UIStatusBarStyleDefault;
				INFOPLIST_KEY_UISupportedInterfaceOrientations_iPad = "UIInterfaceOrientationPortrait UIInterfaceOrientationPortraitUpsideDown UIInterfaceOrientationLandscapeLeft UIInterfaceOrientationLandscapeRight";
				INFOPLIST_KEY_UISupportedInterfaceOrientations_iPhone = "UIInterfaceOrientationPortrait UIInterfaceOrientationLandscapeLeft UIInterfaceOrientationLandscapeRight";
				IPHONEOS_DEPLOYMENT_TARGET = 18.2;
				LD_RUNPATH_SEARCH_PATHS = "@executable_path/Frameworks";
				"LD_RUNPATH_SEARCH_PATHS[sdk=macosx*]" = "@executable_path/../Frameworks";
				MACOSX_DEPLOYMENT_TARGET = 15.2;
				MARKETING_VERSION = 1.0;
				PRODUCT_BUNDLE_IDENTIFIER = "name.ethantran.s25-bootcamp-spotify";
				PRODUCT_NAME = "$(TARGET_NAME)";
				SDKROOT = auto;
				SUPPORTED_PLATFORMS = "iphoneos iphonesimulator macosx xros xrsimulator";
				SWIFT_EMIT_LOC_STRINGS = YES;
				SWIFT_VERSION = 5.0;
				TARGETED_DEVICE_FAMILY = "1,2,7";
				XROS_DEPLOYMENT_TARGET = 2.2;
			};
			name = Release;
		};
		C53615952D5BD98F00241BBF /* Debug */ = {
			isa = XCBuildConfiguration;
			buildSettings = {
				BUNDLE_LOADER = "$(TEST_HOST)";
				CODE_SIGN_STYLE = Automatic;
				CURRENT_PROJECT_VERSION = 1;
				DEVELOPMENT_TEAM = S69SNKVD78;
				GENERATE_INFOPLIST_FILE = YES;
				IPHONEOS_DEPLOYMENT_TARGET = 18.2;
				MACOSX_DEPLOYMENT_TARGET = 15.2;
				MARKETING_VERSION = 1.0;
				PRODUCT_BUNDLE_IDENTIFIER = "name.ethantran.s25-bootcamp-spotifyTests";
				PRODUCT_NAME = "$(TARGET_NAME)";
				SDKROOT = auto;
				SUPPORTED_PLATFORMS = "iphoneos iphonesimulator macosx xros xrsimulator";
				SWIFT_EMIT_LOC_STRINGS = NO;
				SWIFT_VERSION = 5.0;
				TARGETED_DEVICE_FAMILY = "1,2,7";
				TEST_HOST = "$(BUILT_PRODUCTS_DIR)/s25-bootcamp-spotify.app/$(BUNDLE_EXECUTABLE_FOLDER_PATH)/s25-bootcamp-spotify";
				XROS_DEPLOYMENT_TARGET = 2.2;
			};
			name = Debug;
		};
		C53615962D5BD98F00241BBF /* Release */ = {
			isa = XCBuildConfiguration;
			buildSettings = {
				BUNDLE_LOADER = "$(TEST_HOST)";
				CODE_SIGN_STYLE = Automatic;
				CURRENT_PROJECT_VERSION = 1;
				DEVELOPMENT_TEAM = S69SNKVD78;
				GENERATE_INFOPLIST_FILE = YES;
				IPHONEOS_DEPLOYMENT_TARGET = 18.2;
				MACOSX_DEPLOYMENT_TARGET = 15.2;
				MARKETING_VERSION = 1.0;
				PRODUCT_BUNDLE_IDENTIFIER = "name.ethantran.s25-bootcamp-spotifyTests";
				PRODUCT_NAME = "$(TARGET_NAME)";
				SDKROOT = auto;
				SUPPORTED_PLATFORMS = "iphoneos iphonesimulator macosx xros xrsimulator";
				SWIFT_EMIT_LOC_STRINGS = NO;
				SWIFT_VERSION = 5.0;
				TARGETED_DEVICE_FAMILY = "1,2,7";
				TEST_HOST = "$(BUILT_PRODUCTS_DIR)/s25-bootcamp-spotify.app/$(BUNDLE_EXECUTABLE_FOLDER_PATH)/s25-bootcamp-spotify";
				XROS_DEPLOYMENT_TARGET = 2.2;
			};
			name = Release;
		};
		C53615982D5BD98F00241BBF /* Debug */ = {
			isa = XCBuildConfiguration;
			buildSettings = {
				CODE_SIGN_STYLE = Automatic;
				CURRENT_PROJECT_VERSION = 1;
				DEVELOPMENT_TEAM = S69SNKVD78;
				GENERATE_INFOPLIST_FILE = YES;
				IPHONEOS_DEPLOYMENT_TARGET = 18.2;
				MACOSX_DEPLOYMENT_TARGET = 15.2;
				MARKETING_VERSION = 1.0;
				PRODUCT_BUNDLE_IDENTIFIER = "name.ethantran.s25-bootcamp-spotifyUITests";
				PRODUCT_NAME = "$(TARGET_NAME)";
				SDKROOT = auto;
				SUPPORTED_PLATFORMS = "iphoneos iphonesimulator macosx xros xrsimulator";
				SWIFT_EMIT_LOC_STRINGS = NO;
				SWIFT_VERSION = 5.0;
				TARGETED_DEVICE_FAMILY = "1,2,7";
				TEST_TARGET_NAME = "s25-bootcamp-spotify";
				XROS_DEPLOYMENT_TARGET = 2.2;
			};
			name = Debug;
		};
		C53615992D5BD98F00241BBF /* Release */ = {
			isa = XCBuildConfiguration;
			buildSettings = {
				CODE_SIGN_STYLE = Automatic;
				CURRENT_PROJECT_VERSION = 1;
				DEVELOPMENT_TEAM = S69SNKVD78;
				GENERATE_INFOPLIST_FILE = YES;
				IPHONEOS_DEPLOYMENT_TARGET = 18.2;
				MACOSX_DEPLOYMENT_TARGET = 15.2;
				MARKETING_VERSION = 1.0;
				PRODUCT_BUNDLE_IDENTIFIER = "name.ethantran.s25-bootcamp-spotifyUITests";
				PRODUCT_NAME = "$(TARGET_NAME)";
				SDKROOT = auto;
				SUPPORTED_PLATFORMS = "iphoneos iphonesimulator macosx xros xrsimulator";
				SWIFT_EMIT_LOC_STRINGS = NO;
				SWIFT_VERSION = 5.0;
				TARGETED_DEVICE_FAMILY = "1,2,7";
				TEST_TARGET_NAME = "s25-bootcamp-spotify";
				XROS_DEPLOYMENT_TARGET = 2.2;
			};
			name = Release;
		};
/* End XCBuildConfiguration section */

/* Begin XCConfigurationList section */
		C53615672D5BD98E00241BBF /* Build configuration list for PBXProject "s25-bootcamp-spotify" */ = {
			isa = XCConfigurationList;
			buildConfigurations = (
				C536158F2D5BD98F00241BBF /* Debug */,
				C53615902D5BD98F00241BBF /* Release */,
			);
			defaultConfigurationIsVisible = 0;
			defaultConfigurationName = Release;
		};
		C53615912D5BD98F00241BBF /* Build configuration list for PBXNativeTarget "s25-bootcamp-spotify" */ = {
			isa = XCConfigurationList;
			buildConfigurations = (
				C53615922D5BD98F00241BBF /* Debug */,
				C53615932D5BD98F00241BBF /* Release */,
			);
			defaultConfigurationIsVisible = 0;
			defaultConfigurationName = Release;
		};
		C53615942D5BD98F00241BBF /* Build configuration list for PBXNativeTarget "s25-bootcamp-spotifyTests" */ = {
			isa = XCConfigurationList;
			buildConfigurations = (
				C53615952D5BD98F00241BBF /* Debug */,
				C53615962D5BD98F00241BBF /* Release */,
			);
			defaultConfigurationIsVisible = 0;
			defaultConfigurationName = Release;
		};
		C53615972D5BD98F00241BBF /* Build configuration list for PBXNativeTarget "s25-bootcamp-spotifyUITests" */ = {
			isa = XCConfigurationList;
			buildConfigurations = (
				C53615982D5BD98F00241BBF /* Debug */,
				C53615992D5BD98F00241BBF /* Release */,
			);
			defaultConfigurationIsVisible = 0;
			defaultConfigurationName = Release;
		};
/* End XCConfigurationList section */
	};
	rootObject = C53615642D5BD98E00241BBF /* Project object */;
}
